
Microsoft Visual Studio Solution File, Format Version 12.00
# Visual Studio 15
VisualStudioVersion = 15.0.28307.329
MinimumVisualStudioVersion = 10.0.40219.1
Project("{2150E333-8FDC-42A3-9474-1A3956D46DE8}") = "dependencies", "dependencies", "{83F5D796-8D90-4872-934D-34ABCAFDE642}"
EndProject
Project("{9A19103F-16F7-4668-BE54-9A1E7A4F7556}") = "Game.Core", "..\Core\src\Game.Core\Game.Core.csproj", "{3F64E6D9-1F5A-4057-B0D3-E06B674F1C78}"
EndProject
Project("{9A19103F-16F7-4668-BE54-9A1E7A4F7556}") = "Game.Core.Unity", "..\Core\src\Game.Core.Unity\Game.Core.Unity.csproj", "{8DBC50CA-6901-45CC-8CFE-B8C22BF0230F}"
EndProject
Project("{9A19103F-16F7-4668-BE54-9A1E7A4F7556}") = "Game.Format.Nif", "Nif\src\Game.Format.Nif\Game.Format.Nif.csproj", "{ED6638D3-6C89-480F-9E45-EE33DF6110EE}"
EndProject
Project("{9A19103F-16F7-4668-BE54-9A1E7A4F7556}") = "Game.Format.Collada", "Collada\src\Game.Format.Collada\Game.Format.Collada.csproj", "{EF47AA87-3F39-44F0-ABDA-F14A0D0867D2}"
EndProject
Project("{9A19103F-16F7-4668-BE54-9A1E7A4F7556}") = "Game.Format.Wavefront", "Wavefront\src\Game.Format.Wavefront\Game.Format.Wavefront.csproj", "{99EB4C8B-F961-4776-8857-215DE90535A5}"
EndProject
Project("{9A19103F-16F7-4668-BE54-9A1E7A4F7556}") = "Game.Format.Nif.Unity", "Nif\src\Game.Format.Nif.Unity\Game.Format.Nif.Unity.csproj", "{086BF31B-5386-4369-A671-B75E420D621E}"
EndProject
Project("{9A19103F-16F7-4668-BE54-9A1E7A4F7556}") = "Game.Format.Cry", "Cry\src\Game.Format.Cry\Game.Format.Cry.csproj", "{52762E46-B6D0-4A6D-9A5D-C4DA91CC2239}"
EndProject
Project("{9A19103F-16F7-4668-BE54-9A1E7A4F7556}") = "Game.Format.Collada.Tests", "Collada\test\Game.Format.Collada.Tests.csproj", "{9A9E49A4-C288-4906-8455-B42BF21B2961}"
EndProject
Project("{9A19103F-16F7-4668-BE54-9A1E7A4F7556}") = "Game.Format.Cry.Tests", "Cry\test\Game.Format.Cry.Tests.csproj", "{F51F148B-5C50-4D4B-B2A4-27B24897B4F8}"
EndProject
Project("{9A19103F-16F7-4668-BE54-9A1E7A4F7556}") = "Game.Format.Nif.Tests", "Nif\test\Game.Format.Nif.Tests.csproj", "{E513D9C5-5D6D-4E9F-BB86-DE90F4EB9C2B}"
EndProject
Project("{9A19103F-16F7-4668-BE54-9A1E7A4F7556}") = "Game.Format.Wavefront.Tests", "Wavefront\test\Game.Format.Wavefront.Tests.csproj", "{61B956F8-8404-4DD1-808D-6653F4B8E72A}"
EndProject
Project("{9A19103F-16F7-4668-BE54-9A1E7A4F7556}") = "Game.Format.Cry.Unity", "Cry\src\Game.Format.Cry.Unity\Game.Format.Cry.Unity.csproj", "{C2628988-7D50-417F-A4E0-F592DCEC7ABB}"
EndProject
Project("{888888A0-9F3D-457C-B088-3A5042F75D52}") = "Game.Format.Nif.Niftools", "Nif\src\Game.Format.Nif.Niftools\Game.Format.Nif.Niftools.pyproj", "{7C73E29B-9EE3-4148-99AD-CD1667C57F6D}"
EndProject
Project("{9A19103F-16F7-4668-BE54-9A1E7A4F7556}") = "Game.Format.Nif2", "Nif\src\Game.Format.Nif2\Game.Format.Nif2.csproj", "{2C08B30C-52D5-447D-922F-E0570E88B160}"
EndProject
Global
	GlobalSection(SolutionConfigurationPlatforms) = preSolution
		Debug|Any CPU = Debug|Any CPU
		Release|Any CPU = Release|Any CPU
	EndGlobalSection
	GlobalSection(ProjectConfigurationPlatforms) = postSolution
		{3F64E6D9-1F5A-4057-B0D3-E06B674F1C78}.Debug|Any CPU.ActiveCfg = Debug|Any CPU
		{3F64E6D9-1F5A-4057-B0D3-E06B674F1C78}.Debug|Any CPU.Build.0 = Debug|Any CPU
		{3F64E6D9-1F5A-4057-B0D3-E06B674F1C78}.Release|Any CPU.ActiveCfg = Release|Any CPU
		{3F64E6D9-1F5A-4057-B0D3-E06B674F1C78}.Release|Any CPU.Build.0 = Release|Any CPU
		{8DBC50CA-6901-45CC-8CFE-B8C22BF0230F}.Debug|Any CPU.ActiveCfg = Debug|Any CPU
		{8DBC50CA-6901-45CC-8CFE-B8C22BF0230F}.Debug|Any CPU.Build.0 = Debug|Any CPU
		{8DBC50CA-6901-45CC-8CFE-B8C22BF0230F}.Release|Any CPU.ActiveCfg = Release|Any CPU
		{8DBC50CA-6901-45CC-8CFE-B8C22BF0230F}.Release|Any CPU.Build.0 = Release|Any CPU
		{ED6638D3-6C89-480F-9E45-EE33DF6110EE}.Debug|Any CPU.ActiveCfg = Debug|Any CPU
		{ED6638D3-6C89-480F-9E45-EE33DF6110EE}.Debug|Any CPU.Build.0 = Debug|Any CPU
		{ED6638D3-6C89-480F-9E45-EE33DF6110EE}.Release|Any CPU.ActiveCfg = Release|Any CPU
		{ED6638D3-6C89-480F-9E45-EE33DF6110EE}.Release|Any CPU.Build.0 = Release|Any CPU
		{EF47AA87-3F39-44F0-ABDA-F14A0D0867D2}.Debug|Any CPU.ActiveCfg = Debug|Any CPU
		{EF47AA87-3F39-44F0-ABDA-F14A0D0867D2}.Debug|Any CPU.Build.0 = Debug|Any CPU
		{EF47AA87-3F39-44F0-ABDA-F14A0D0867D2}.Release|Any CPU.ActiveCfg = Release|Any CPU
		{EF47AA87-3F39-44F0-ABDA-F14A0D0867D2}.Release|Any CPU.Build.0 = Release|Any CPU
		{99EB4C8B-F961-4776-8857-215DE90535A5}.Debug|Any CPU.ActiveCfg = Debug|Any CPU
		{99EB4C8B-F961-4776-8857-215DE90535A5}.Debug|Any CPU.Build.0 = Debug|Any CPU
		{99EB4C8B-F961-4776-8857-215DE90535A5}.Release|Any CPU.ActiveCfg = Release|Any CPU
		{99EB4C8B-F961-4776-8857-215DE90535A5}.Release|Any CPU.Build.0 = Release|Any CPU
		{086BF31B-5386-4369-A671-B75E420D621E}.Debug|Any CPU.ActiveCfg = Debug|Any CPU
		{086BF31B-5386-4369-A671-B75E420D621E}.Debug|Any CPU.Build.0 = Debug|Any CPU
		{086BF31B-5386-4369-A671-B75E420D621E}.Release|Any CPU.ActiveCfg = Release|Any CPU
		{086BF31B-5386-4369-A671-B75E420D621E}.Release|Any CPU.Build.0 = Release|Any CPU
		{52762E46-B6D0-4A6D-9A5D-C4DA91CC2239}.Debug|Any CPU.ActiveCfg = Debug|Any CPU
		{52762E46-B6D0-4A6D-9A5D-C4DA91CC2239}.Debug|Any CPU.Build.0 = Debug|Any CPU
		{52762E46-B6D0-4A6D-9A5D-C4DA91CC2239}.Release|Any CPU.ActiveCfg = Release|Any CPU
		{52762E46-B6D0-4A6D-9A5D-C4DA91CC2239}.Release|Any CPU.Build.0 = Release|Any CPU
		{9A9E49A4-C288-4906-8455-B42BF21B2961}.Debug|Any CPU.ActiveCfg = Debug|Any CPU
		{9A9E49A4-C288-4906-8455-B42BF21B2961}.Debug|Any CPU.Build.0 = Debug|Any CPU
		{9A9E49A4-C288-4906-8455-B42BF21B2961}.Release|Any CPU.ActiveCfg = Release|Any CPU
		{9A9E49A4-C288-4906-8455-B42BF21B2961}.Release|Any CPU.Build.0 = Release|Any CPU
		{F51F148B-5C50-4D4B-B2A4-27B24897B4F8}.Debug|Any CPU.ActiveCfg = Debug|Any CPU
		{F51F148B-5C50-4D4B-B2A4-27B24897B4F8}.Debug|Any CPU.Build.0 = Debug|Any CPU
		{F51F148B-5C50-4D4B-B2A4-27B24897B4F8}.Release|Any CPU.ActiveCfg = Release|Any CPU
		{F51F148B-5C50-4D4B-B2A4-27B24897B4F8}.Release|Any CPU.Build.0 = Release|Any CPU
		{E513D9C5-5D6D-4E9F-BB86-DE90F4EB9C2B}.Debug|Any CPU.ActiveCfg = Debug|Any CPU
		{E513D9C5-5D6D-4E9F-BB86-DE90F4EB9C2B}.Debug|Any CPU.Build.0 = Debug|Any CPU
		{E513D9C5-5D6D-4E9F-BB86-DE90F4EB9C2B}.Release|Any CPU.ActiveCfg = Release|Any CPU
		{E513D9C5-5D6D-4E9F-BB86-DE90F4EB9C2B}.Release|Any CPU.Build.0 = Release|Any CPU
		{61B956F8-8404-4DD1-808D-6653F4B8E72A}.Debug|Any CPU.ActiveCfg = Debug|Any CPU
		{61B956F8-8404-4DD1-808D-6653F4B8E72A}.Debug|Any CPU.Build.0 = Debug|Any CPU
		{61B956F8-8404-4DD1-808D-6653F4B8E72A}.Release|Any CPU.ActiveCfg = Release|Any CPU
		{61B956F8-8404-4DD1-808D-6653F4B8E72A}.Release|Any CPU.Build.0 = Release|Any CPU
		{C2628988-7D50-417F-A4E0-F592DCEC7ABB}.Debug|Any CPU.ActiveCfg = Debug|Any CPU
		{C2628988-7D50-417F-A4E0-F592DCEC7ABB}.Debug|Any CPU.Build.0 = Debug|Any CPU
		{C2628988-7D50-417F-A4E0-F592DCEC7ABB}.Release|Any CPU.ActiveCfg = Release|Any CPU
		{C2628988-7D50-417F-A4E0-F592DCEC7ABB}.Release|Any CPU.Build.0 = Release|Any CPU
		{7C73E29B-9EE3-4148-99AD-CD1667C57F6D}.Debug|Any CPU.ActiveCfg = Debug|Any CPU
		{7C73E29B-9EE3-4148-99AD-CD1667C57F6D}.Release|Any CPU.ActiveCfg = Release|Any CPU
		{2C08B30C-52D5-447D-922F-E0570E88B160}.Debug|Any CPU.ActiveCfg = Debug|Any CPU
		{2C08B30C-52D5-447D-922F-E0570E88B160}.Debug|Any CPU.Build.0 = Debug|Any CPU
		{2C08B30C-52D5-447D-922F-E0570E88B160}.Release|Any CPU.ActiveCfg = Release|Any CPU
		{2C08B30C-52D5-447D-922F-E0570E88B160}.Release|Any CPU.Build.0 = Release|Any CPU
	EndGlobalSection
	GlobalSection(SolutionProperties) = preSolution
		HideSolutionNode = FALSE
	EndGlobalSection
	GlobalSection(NestedProjects) = preSolution
		{3F64E6D9-1F5A-4057-B0D3-E06B674F1C78} = {83F5D796-8D90-4872-934D-34ABCAFDE642}
		{8DBC50CA-6901-45CC-8CFE-B8C22BF0230F} = {83F5D796-8D90-4872-934D-34ABCAFDE642}
	EndGlobalSection
	GlobalSection(ExtensibilityGlobals) = postSolution
		SolutionGuid = {7ACB76E5-A8E8-4292-994C-E0779E009E43}
	EndGlobalSection
EndGlobal
