
Microsoft Visual Studio Solution File, Format Version 12.00
# Visual Studio 15
VisualStudioVersion = 15.0.28307.329
MinimumVisualStudioVersion = 10.0.40219.1
Project("{9A19103F-16F7-4668-BE54-9A1E7A4F7556}") = "Gamer.Core", "src\Gamer.Core\Gamer.Core.csproj", "{FC7EC764-41A9-4DAE-A74C-1A55EEC364D8}"
EndProject
Project("{9A19103F-16F7-4668-BE54-9A1E7A4F7556}") = "Gamer.Core.Unity", "src\Gamer.Core.Unity\Gamer.Core.Unity.csproj", "{801960BC-8F78-4E5E-8BD9-976866515BFA}"
EndProject
Project("{9A19103F-16F7-4668-BE54-9A1E7A4F7556}") = "Gamer.Proxy", "src\Gamer.Proxy\Gamer.Proxy.csproj", "{B5B7DAAA-1523-449A-A451-118C9DB2E18A}"
EndProject
Project("{9A19103F-16F7-4668-BE54-9A1E7A4F7556}") = "Gamer.Proxy.Tests", "src\Gamer.Proxy.Tests\Gamer.Proxy.Tests.csproj", "{B7B18E38-30F2-4EC2-9391-C9D07F8FD322}"
EndProject
Global
	GlobalSection(SolutionConfigurationPlatforms) = preSolution
		Debug|Any CPU = Debug|Any CPU
		Release|Any CPU = Release|Any CPU
	EndGlobalSection
	GlobalSection(ProjectConfigurationPlatforms) = postSolution
		{FC7EC764-41A9-4DAE-A74C-1A55EEC364D8}.Debug|Any CPU.ActiveCfg = Debug|Any CPU
		{FC7EC764-41A9-4DAE-A74C-1A55EEC364D8}.Debug|Any CPU.Build.0 = Debug|Any CPU
		{FC7EC764-41A9-4DAE-A74C-1A55EEC364D8}.Release|Any CPU.ActiveCfg = Release|Any CPU
		{FC7EC764-41A9-4DAE-A74C-1A55EEC364D8}.Release|Any CPU.Build.0 = Release|Any CPU
		{801960BC-8F78-4E5E-8BD9-976866515BFA}.Debug|Any CPU.ActiveCfg = Debug|Any CPU
		{801960BC-8F78-4E5E-8BD9-976866515BFA}.Debug|Any CPU.Build.0 = Debug|Any CPU
		{801960BC-8F78-4E5E-8BD9-976866515BFA}.Release|Any CPU.ActiveCfg = Release|Any CPU
		{801960BC-8F78-4E5E-8BD9-976866515BFA}.Release|Any CPU.Build.0 = Release|Any CPU
		{B5B7DAAA-1523-449A-A451-118C9DB2E18A}.Debug|Any CPU.ActiveCfg = Debug|Any CPU
		{B5B7DAAA-1523-449A-A451-118C9DB2E18A}.Debug|Any CPU.Build.0 = Debug|Any CPU
		{B5B7DAAA-1523-449A-A451-118C9DB2E18A}.Release|Any CPU.ActiveCfg = Release|Any CPU
		{B5B7DAAA-1523-449A-A451-118C9DB2E18A}.Release|Any CPU.Build.0 = Release|Any CPU
		{B7B18E38-30F2-4EC2-9391-C9D07F8FD322}.Debug|Any CPU.ActiveCfg = Debug|Any CPU
		{B7B18E38-30F2-4EC2-9391-C9D07F8FD322}.Debug|Any CPU.Build.0 = Debug|Any CPU
		{B7B18E38-30F2-4EC2-9391-C9D07F8FD322}.Release|Any CPU.ActiveCfg = Release|Any CPU
		{B7B18E38-30F2-4EC2-9391-C9D07F8FD322}.Release|Any CPU.Build.0 = Release|Any CPU
	EndGlobalSection
	GlobalSection(SolutionProperties) = preSolution
		HideSolutionNode = FALSE
	EndGlobalSection
	GlobalSection(ExtensibilityGlobals) = postSolution
		SolutionGuid = {7ACB76E5-A8E8-4292-994C-E0779E009E43}
	EndGlobalSection
EndGlobal
