
Microsoft Visual Studio Solution File, Format Version 12.00
# Visual Studio 15
VisualStudioVersion = 15.0.28307.329
MinimumVisualStudioVersion = 10.0.40219.1
Project("{9A19103F-16F7-4668-BE54-9A1E7A4F7556}") = "Game.Estate.Tes", "Estates\Tes\src\Game.Estate.Tes\Game.Estate.Tes.csproj", "{4F98ED55-7738-4C7C-801D-498A2A514325}"
EndProject
Project("{9A19103F-16F7-4668-BE54-9A1E7A4F7556}") = "Game.Core", "Core\src\Game.Core\Game.Core.csproj", "{4B414633-2D46-4F28-B43B-AFC788833986}"
EndProject
Project("{2150E333-8FDC-42A3-9474-1A3956D46DE8}") = "Tes", "Tes", "{27EB840C-502D-4BC4-87C0-918363740029}"
EndProject
Project("{9A19103F-16F7-4668-BE54-9A1E7A4F7556}") = "Game.Core.Unity", "Core\src\Game.Core.Unity\Game.Core.Unity.csproj", "{C0723FCE-BAA0-44EB-9921-41DE38866957}"
EndProject
Project("{9A19103F-16F7-4668-BE54-9A1E7A4F7556}") = "Game.Estate.Tes.Unity", "Estates\Tes\src\Game.Estate.Tes.Unity\Game.Estate.Tes.Unity.csproj", "{5EF0077B-68DA-4D4F-96DB-C24DF65C4D14}"
EndProject
Project("{2150E333-8FDC-42A3-9474-1A3956D46DE8}") = "Estates", "Estates", "{D30CDA7F-DA42-4AC5-87FF-0814F5B4EC73}"
EndProject
Project("{2150E333-8FDC-42A3-9474-1A3956D46DE8}") = "Core", "Core", "{D62024D3-476E-4A68-8A24-1B14491536B4}"
EndProject
Project("{2150E333-8FDC-42A3-9474-1A3956D46DE8}") = "Ultima", "Ultima", "{AC830F14-5775-4569-9D4B-1623059887C5}"
EndProject
Project("{2150E333-8FDC-42A3-9474-1A3956D46DE8}") = "Cry", "Cry", "{2C49E6C3-3811-4D3C-AA1A-91109651817C}"
EndProject
Project("{9A19103F-16F7-4668-BE54-9A1E7A4F7556}") = "Game.Estate.Ultima", "Estates\Ultima\src\Game.Estate.Ultima\Game.Estate.Ultima.csproj", "{844BE502-026D-4E99-9E25-89946DA34CA0}"
EndProject
Project("{9A19103F-16F7-4668-BE54-9A1E7A4F7556}") = "Game.Estate.Ultima.Unity", "Estates\Ultima\src\Game.Estate.Ultima.Unity\Game.Estate.Ultima.Unity.csproj", "{9ADF1603-8566-4375-B7EA-BB5C930E542F}"
EndProject
Project("{9A19103F-16F7-4668-BE54-9A1E7A4F7556}") = "Game.Estate.Cry", "Estates\Cry\src\Game.Estate.Cry\Game.Estate.Cry.csproj", "{B0BCE2C3-7347-4E0C-97DC-5E844287AD41}"
EndProject
Project("{9A19103F-16F7-4668-BE54-9A1E7A4F7556}") = "Game.Estate.Cry.Unity", "Estates\Cry\src\Game.Estate.Cry.Unity\Game.Estate.Cry.Unity.csproj", "{7600472F-E152-4850-B5C9-C4EC5174FD3E}"
EndProject
Project("{2150E333-8FDC-42A3-9474-1A3956D46DE8}") = "Formats", "Formats", "{FCE14EDE-5C3D-4839-8697-1DF79C25E369}"
EndProject
Project("{2150E333-8FDC-42A3-9474-1A3956D46DE8}") = "Cry", "Cry", "{157F275D-4692-4ACA-8B5C-9137BB611B0A}"
EndProject
Project("{2150E333-8FDC-42A3-9474-1A3956D46DE8}") = "Nif", "Nif", "{7A09A5CB-8C56-4438-A36C-49B2D0C18742}"
EndProject
Project("{2150E333-8FDC-42A3-9474-1A3956D46DE8}") = "Collada", "Collada", "{F767F65A-0A5D-4BC6-A375-481A9B5F4885}"
EndProject
Project("{9A19103F-16F7-4668-BE54-9A1E7A4F7556}") = "Game.Format.Collada", "Formats\Collada\src\Game.Format.Collada\Game.Format.Collada.csproj", "{C370AE01-ECA6-4D9E-855D-FFB6F7B08E6F}"
EndProject
Project("{9A19103F-16F7-4668-BE54-9A1E7A4F7556}") = "Game.Format.Cry", "Formats\Cry\src\Game.Format.Cry\Game.Format.Cry.csproj", "{72007484-23C4-4732-B982-A9B2206A7884}"
EndProject
Project("{9A19103F-16F7-4668-BE54-9A1E7A4F7556}") = "Game.Format.Nif", "Formats\Nif\src\Game.Format.Nif\Game.Format.Nif.csproj", "{F363A866-28F1-4E3B-8391-A2C4F4540C71}"
EndProject
Project("{9A19103F-16F7-4668-BE54-9A1E7A4F7556}") = "Game.Format.Nif.Unity", "Formats\Nif\src\Game.Format.Nif.Unity\Game.Format.Nif.Unity.csproj", "{E2C5E620-5C95-4A79-8F63-F73A0A6A3544}"
EndProject
Project("{2150E333-8FDC-42A3-9474-1A3956D46DE8}") = "Wavefront", "Wavefront", "{5E03E2F6-2644-4985-9103-D8876EDD9570}"
EndProject
Project("{9A19103F-16F7-4668-BE54-9A1E7A4F7556}") = "Game.Format.Wavefront", "Formats\Wavefront\src\Game.Format.Wavefront\Game.Format.Wavefront.csproj", "{D32C252C-032A-42C9-A9F7-50F313760C84}"
EndProject
Project("{9A19103F-16F7-4668-BE54-9A1E7A4F7556}") = "Game.Format.Cry.Unity", "Formats\Cry\src\Game.Format.Cry.Unity\Game.Format.Cry.Unity.csproj", "{722EC89C-F8C0-466D-B208-FB06C48B1590}"
EndProject
Project("{9A19103F-16F7-4668-BE54-9A1E7A4F7556}") = "Game.Core.NetstreamService", "Core\src\Game.Core.NetstreamService\Game.Core.NetstreamService.csproj", "{12D9EF47-5C35-4B34-A677-D904212B1764}"
EndProject
Project("{9A19103F-16F7-4668-BE54-9A1E7A4F7556}") = "Game.Core.UnityEngine", "Core\src\Game.Core.UnityEngine\Game.Core.UnityEngine.csproj", "{FD71A289-0680-43E3-AD9E-065BA0C1B3FF}"
EndProject
Project("{9A19103F-16F7-4668-BE54-9A1E7A4F7556}") = "Unity.Loader", "Loaders\Unity.Loader\Unity.Loader.csproj", "{11F5EE29-05BE-4476-B33E-67B9CDAAD6EB}"
EndProject
Project("{9A19103F-16F7-4668-BE54-9A1E7A4F7556}") = "Game.Estate.Tes.Tests", "Estates\Tes\test\Game.Estate.Tes.Tests.csproj", "{C7A6C67B-573D-4ACC-AC2F-96E968421542}"
EndProject
Project("{9A19103F-16F7-4668-BE54-9A1E7A4F7556}") = "Game.Estate.Cry.Tests", "Estates\Cry\test\Game.Estate.Cry.Tests.csproj", "{99CA14BC-3CF0-4F8A-BF14-B98E82319BD5}"
EndProject
Project("{9A19103F-16F7-4668-BE54-9A1E7A4F7556}") = "Game.Estate.Ultima.Tests", "Estates\Ultima\test\Game.Estate.Ultima.Tests.csproj", "{613C5E73-949E-4C1B-B213-5DDDBB44D021}"
EndProject
Project("{9A19103F-16F7-4668-BE54-9A1E7A4F7556}") = "Game.Format.Collada.Tests", "Formats\Collada\test\Game.Format.Collada.Tests.csproj", "{11E1EB55-DFD9-476E-AF7A-8F2D19715D80}"
EndProject
Project("{9A19103F-16F7-4668-BE54-9A1E7A4F7556}") = "Game.Format.Cry.Tests", "Formats\Cry\test\Game.Format.Cry.Tests.csproj", "{D1DB6BD1-9919-4519-920E-CCDB6D385DBD}"
EndProject
Project("{9A19103F-16F7-4668-BE54-9A1E7A4F7556}") = "Game.Format.Nif.Tests", "Formats\Nif\test\Game.Format.Nif.Tests.csproj", "{D7DDDAED-3E62-40DE-B245-936E056A0AE0}"
EndProject
Project("{9A19103F-16F7-4668-BE54-9A1E7A4F7556}") = "Game.Format.Wavefront.Tests", "Formats\Wavefront\test\Game.Format.Wavefront.Tests.csproj", "{49983FA7-C3AC-46C4-85A8-C7279FEE2455}"
EndProject
Project("{9A19103F-16F7-4668-BE54-9A1E7A4F7556}") = "Game.Core.Tests", "Core\test\Game.Core.Tests\Game.Core.Tests.csproj", "{E8395C0C-0E97-4BAC-B30A-F1118B1858C6}"
EndProject
Project("{9A19103F-16F7-4668-BE54-9A1E7A4F7556}") = "Game.Core.UnityOculus", "Core\src\Game.Core.UnityOculus\Game.Core.UnityOculus.csproj", "{D88AEC35-9C3D-4E98-98F8-5059CF195D2D}"
EndProject
Project("{2150E333-8FDC-42A3-9474-1A3956D46DE8}") = "UltimaIX", "UltimaIX", "{2ACF6E8B-9353-4570-BD67-E0123A36080D}"
EndProject
Project("{9A19103F-16F7-4668-BE54-9A1E7A4F7556}") = "Game.Estate.UltimaIX", "Estates\UltimaIX\src\Game.Estate.UltimaIX\Game.Estate.UltimaIX.csproj", "{CD08C409-69C2-44B5-915A-EC3E90BB4C7C}"
EndProject
Project("{9A19103F-16F7-4668-BE54-9A1E7A4F7556}") = "Game.Estate.UltimaIX.Unity", "Estates\UltimaIX\src\Game.Estate.UltimaIX.Unity\Game.Estate.UltimaIX.Unity.csproj", "{94D64D2F-31C4-4AC1-8D5F-73A12A1444FF}"
EndProject
Project("{9A19103F-16F7-4668-BE54-9A1E7A4F7556}") = "Game.Estate.UltimaIX.Tests", "Estates\UltimaIX\test\Game.Estate.UltimaIX.Tests.csproj", "{175BE931-D900-49D7-8611-49A72E7CAEBB}"
EndProject
Project("{9A19103F-16F7-4668-BE54-9A1E7A4F7556}") = "Game.Unity.H3ml", "Core\src\Game.Unity.H3ml\Game.Unity.H3ml.csproj", "{9E0E6770-C574-43D4-96E3-59E557B24D4D}"
EndProject
Project("{2150E333-8FDC-42A3-9474-1A3956D46DE8}") = "Lib", "Lib", "{5250599B-BA33-4A70-B065-4A819347F984}"
EndProject
Project("{9A19103F-16F7-4668-BE54-9A1E7A4F7556}") = "H3ml.Asset", "..\..\..\smorey2\h3ml\Asset\H3ml.Asset\H3ml.Asset.csproj", "{39EDCAEE-B770-455A-A3E2-D1567EF2022D}"
EndProject
Global
	GlobalSection(SolutionConfigurationPlatforms) = preSolution
		Debug|Any CPU = Debug|Any CPU
		Release|Any CPU = Release|Any CPU
	EndGlobalSection
	GlobalSection(ProjectConfigurationPlatforms) = postSolution
		{4F98ED55-7738-4C7C-801D-498A2A514325}.Debug|Any CPU.ActiveCfg = Debug|Any CPU
		{4F98ED55-7738-4C7C-801D-498A2A514325}.Debug|Any CPU.Build.0 = Debug|Any CPU
		{4F98ED55-7738-4C7C-801D-498A2A514325}.Release|Any CPU.ActiveCfg = Release|Any CPU
		{4F98ED55-7738-4C7C-801D-498A2A514325}.Release|Any CPU.Build.0 = Release|Any CPU
		{4B414633-2D46-4F28-B43B-AFC788833986}.Debug|Any CPU.ActiveCfg = Debug|Any CPU
		{4B414633-2D46-4F28-B43B-AFC788833986}.Debug|Any CPU.Build.0 = Debug|Any CPU
		{4B414633-2D46-4F28-B43B-AFC788833986}.Release|Any CPU.ActiveCfg = Release|Any CPU
		{4B414633-2D46-4F28-B43B-AFC788833986}.Release|Any CPU.Build.0 = Release|Any CPU
		{C0723FCE-BAA0-44EB-9921-41DE38866957}.Debug|Any CPU.ActiveCfg = Debug|Any CPU
		{C0723FCE-BAA0-44EB-9921-41DE38866957}.Debug|Any CPU.Build.0 = Debug|Any CPU
		{C0723FCE-BAA0-44EB-9921-41DE38866957}.Release|Any CPU.ActiveCfg = Release|Any CPU
		{C0723FCE-BAA0-44EB-9921-41DE38866957}.Release|Any CPU.Build.0 = Release|Any CPU
		{5EF0077B-68DA-4D4F-96DB-C24DF65C4D14}.Debug|Any CPU.ActiveCfg = Debug|Any CPU
		{5EF0077B-68DA-4D4F-96DB-C24DF65C4D14}.Debug|Any CPU.Build.0 = Debug|Any CPU
		{5EF0077B-68DA-4D4F-96DB-C24DF65C4D14}.Release|Any CPU.ActiveCfg = Release|Any CPU
		{5EF0077B-68DA-4D4F-96DB-C24DF65C4D14}.Release|Any CPU.Build.0 = Release|Any CPU
		{844BE502-026D-4E99-9E25-89946DA34CA0}.Debug|Any CPU.ActiveCfg = Debug|Any CPU
		{844BE502-026D-4E99-9E25-89946DA34CA0}.Debug|Any CPU.Build.0 = Debug|Any CPU
		{844BE502-026D-4E99-9E25-89946DA34CA0}.Release|Any CPU.ActiveCfg = Release|Any CPU
		{844BE502-026D-4E99-9E25-89946DA34CA0}.Release|Any CPU.Build.0 = Release|Any CPU
		{9ADF1603-8566-4375-B7EA-BB5C930E542F}.Debug|Any CPU.ActiveCfg = Debug|Any CPU
		{9ADF1603-8566-4375-B7EA-BB5C930E542F}.Debug|Any CPU.Build.0 = Debug|Any CPU
		{9ADF1603-8566-4375-B7EA-BB5C930E542F}.Release|Any CPU.ActiveCfg = Release|Any CPU
		{9ADF1603-8566-4375-B7EA-BB5C930E542F}.Release|Any CPU.Build.0 = Release|Any CPU
		{B0BCE2C3-7347-4E0C-97DC-5E844287AD41}.Debug|Any CPU.ActiveCfg = Debug|Any CPU
		{B0BCE2C3-7347-4E0C-97DC-5E844287AD41}.Debug|Any CPU.Build.0 = Debug|Any CPU
		{B0BCE2C3-7347-4E0C-97DC-5E844287AD41}.Release|Any CPU.ActiveCfg = Release|Any CPU
		{B0BCE2C3-7347-4E0C-97DC-5E844287AD41}.Release|Any CPU.Build.0 = Release|Any CPU
		{7600472F-E152-4850-B5C9-C4EC5174FD3E}.Debug|Any CPU.ActiveCfg = Debug|Any CPU
		{7600472F-E152-4850-B5C9-C4EC5174FD3E}.Debug|Any CPU.Build.0 = Debug|Any CPU
		{7600472F-E152-4850-B5C9-C4EC5174FD3E}.Release|Any CPU.ActiveCfg = Release|Any CPU
		{7600472F-E152-4850-B5C9-C4EC5174FD3E}.Release|Any CPU.Build.0 = Release|Any CPU
		{C370AE01-ECA6-4D9E-855D-FFB6F7B08E6F}.Debug|Any CPU.ActiveCfg = Debug|Any CPU
		{C370AE01-ECA6-4D9E-855D-FFB6F7B08E6F}.Debug|Any CPU.Build.0 = Debug|Any CPU
		{C370AE01-ECA6-4D9E-855D-FFB6F7B08E6F}.Release|Any CPU.ActiveCfg = Release|Any CPU
		{C370AE01-ECA6-4D9E-855D-FFB6F7B08E6F}.Release|Any CPU.Build.0 = Release|Any CPU
		{72007484-23C4-4732-B982-A9B2206A7884}.Debug|Any CPU.ActiveCfg = Debug|Any CPU
		{72007484-23C4-4732-B982-A9B2206A7884}.Debug|Any CPU.Build.0 = Debug|Any CPU
		{72007484-23C4-4732-B982-A9B2206A7884}.Release|Any CPU.ActiveCfg = Release|Any CPU
		{72007484-23C4-4732-B982-A9B2206A7884}.Release|Any CPU.Build.0 = Release|Any CPU
		{F363A866-28F1-4E3B-8391-A2C4F4540C71}.Debug|Any CPU.ActiveCfg = Debug|Any CPU
		{F363A866-28F1-4E3B-8391-A2C4F4540C71}.Debug|Any CPU.Build.0 = Debug|Any CPU
		{F363A866-28F1-4E3B-8391-A2C4F4540C71}.Release|Any CPU.ActiveCfg = Release|Any CPU
		{F363A866-28F1-4E3B-8391-A2C4F4540C71}.Release|Any CPU.Build.0 = Release|Any CPU
		{E2C5E620-5C95-4A79-8F63-F73A0A6A3544}.Debug|Any CPU.ActiveCfg = Debug|Any CPU
		{E2C5E620-5C95-4A79-8F63-F73A0A6A3544}.Debug|Any CPU.Build.0 = Debug|Any CPU
		{E2C5E620-5C95-4A79-8F63-F73A0A6A3544}.Release|Any CPU.ActiveCfg = Release|Any CPU
		{E2C5E620-5C95-4A79-8F63-F73A0A6A3544}.Release|Any CPU.Build.0 = Release|Any CPU
		{D32C252C-032A-42C9-A9F7-50F313760C84}.Debug|Any CPU.ActiveCfg = Debug|Any CPU
		{D32C252C-032A-42C9-A9F7-50F313760C84}.Debug|Any CPU.Build.0 = Debug|Any CPU
		{D32C252C-032A-42C9-A9F7-50F313760C84}.Release|Any CPU.ActiveCfg = Release|Any CPU
		{D32C252C-032A-42C9-A9F7-50F313760C84}.Release|Any CPU.Build.0 = Release|Any CPU
		{722EC89C-F8C0-466D-B208-FB06C48B1590}.Debug|Any CPU.ActiveCfg = Debug|Any CPU
		{722EC89C-F8C0-466D-B208-FB06C48B1590}.Debug|Any CPU.Build.0 = Debug|Any CPU
		{722EC89C-F8C0-466D-B208-FB06C48B1590}.Release|Any CPU.ActiveCfg = Release|Any CPU
		{722EC89C-F8C0-466D-B208-FB06C48B1590}.Release|Any CPU.Build.0 = Release|Any CPU
		{12D9EF47-5C35-4B34-A677-D904212B1764}.Debug|Any CPU.ActiveCfg = Debug|Any CPU
		{12D9EF47-5C35-4B34-A677-D904212B1764}.Debug|Any CPU.Build.0 = Debug|Any CPU
		{12D9EF47-5C35-4B34-A677-D904212B1764}.Release|Any CPU.ActiveCfg = Release|Any CPU
		{12D9EF47-5C35-4B34-A677-D904212B1764}.Release|Any CPU.Build.0 = Release|Any CPU
		{FD71A289-0680-43E3-AD9E-065BA0C1B3FF}.Debug|Any CPU.ActiveCfg = Debug|Any CPU
		{FD71A289-0680-43E3-AD9E-065BA0C1B3FF}.Debug|Any CPU.Build.0 = Debug|Any CPU
		{FD71A289-0680-43E3-AD9E-065BA0C1B3FF}.Release|Any CPU.ActiveCfg = Release|Any CPU
		{FD71A289-0680-43E3-AD9E-065BA0C1B3FF}.Release|Any CPU.Build.0 = Release|Any CPU
		{11F5EE29-05BE-4476-B33E-67B9CDAAD6EB}.Debug|Any CPU.ActiveCfg = Debug|Any CPU
		{11F5EE29-05BE-4476-B33E-67B9CDAAD6EB}.Debug|Any CPU.Build.0 = Debug|Any CPU
		{11F5EE29-05BE-4476-B33E-67B9CDAAD6EB}.Release|Any CPU.ActiveCfg = Release|Any CPU
		{11F5EE29-05BE-4476-B33E-67B9CDAAD6EB}.Release|Any CPU.Build.0 = Release|Any CPU
		{C7A6C67B-573D-4ACC-AC2F-96E968421542}.Debug|Any CPU.ActiveCfg = Debug|Any CPU
		{C7A6C67B-573D-4ACC-AC2F-96E968421542}.Debug|Any CPU.Build.0 = Debug|Any CPU
		{C7A6C67B-573D-4ACC-AC2F-96E968421542}.Release|Any CPU.ActiveCfg = Release|Any CPU
		{C7A6C67B-573D-4ACC-AC2F-96E968421542}.Release|Any CPU.Build.0 = Release|Any CPU
		{99CA14BC-3CF0-4F8A-BF14-B98E82319BD5}.Debug|Any CPU.ActiveCfg = Debug|Any CPU
		{99CA14BC-3CF0-4F8A-BF14-B98E82319BD5}.Debug|Any CPU.Build.0 = Debug|Any CPU
		{99CA14BC-3CF0-4F8A-BF14-B98E82319BD5}.Release|Any CPU.ActiveCfg = Release|Any CPU
		{99CA14BC-3CF0-4F8A-BF14-B98E82319BD5}.Release|Any CPU.Build.0 = Release|Any CPU
		{613C5E73-949E-4C1B-B213-5DDDBB44D021}.Debug|Any CPU.ActiveCfg = Debug|Any CPU
		{613C5E73-949E-4C1B-B213-5DDDBB44D021}.Debug|Any CPU.Build.0 = Debug|Any CPU
		{613C5E73-949E-4C1B-B213-5DDDBB44D021}.Release|Any CPU.ActiveCfg = Release|Any CPU
		{613C5E73-949E-4C1B-B213-5DDDBB44D021}.Release|Any CPU.Build.0 = Release|Any CPU
		{11E1EB55-DFD9-476E-AF7A-8F2D19715D80}.Debug|Any CPU.ActiveCfg = Debug|Any CPU
		{11E1EB55-DFD9-476E-AF7A-8F2D19715D80}.Debug|Any CPU.Build.0 = Debug|Any CPU
		{11E1EB55-DFD9-476E-AF7A-8F2D19715D80}.Release|Any CPU.ActiveCfg = Release|Any CPU
		{11E1EB55-DFD9-476E-AF7A-8F2D19715D80}.Release|Any CPU.Build.0 = Release|Any CPU
		{D1DB6BD1-9919-4519-920E-CCDB6D385DBD}.Debug|Any CPU.ActiveCfg = Debug|Any CPU
		{D1DB6BD1-9919-4519-920E-CCDB6D385DBD}.Debug|Any CPU.Build.0 = Debug|Any CPU
		{D1DB6BD1-9919-4519-920E-CCDB6D385DBD}.Release|Any CPU.ActiveCfg = Release|Any CPU
		{D1DB6BD1-9919-4519-920E-CCDB6D385DBD}.Release|Any CPU.Build.0 = Release|Any CPU
		{D7DDDAED-3E62-40DE-B245-936E056A0AE0}.Debug|Any CPU.ActiveCfg = Debug|Any CPU
		{D7DDDAED-3E62-40DE-B245-936E056A0AE0}.Debug|Any CPU.Build.0 = Debug|Any CPU
		{D7DDDAED-3E62-40DE-B245-936E056A0AE0}.Release|Any CPU.ActiveCfg = Release|Any CPU
		{D7DDDAED-3E62-40DE-B245-936E056A0AE0}.Release|Any CPU.Build.0 = Release|Any CPU
		{49983FA7-C3AC-46C4-85A8-C7279FEE2455}.Debug|Any CPU.ActiveCfg = Debug|Any CPU
		{49983FA7-C3AC-46C4-85A8-C7279FEE2455}.Debug|Any CPU.Build.0 = Debug|Any CPU
		{49983FA7-C3AC-46C4-85A8-C7279FEE2455}.Release|Any CPU.ActiveCfg = Release|Any CPU
		{49983FA7-C3AC-46C4-85A8-C7279FEE2455}.Release|Any CPU.Build.0 = Release|Any CPU
		{E8395C0C-0E97-4BAC-B30A-F1118B1858C6}.Debug|Any CPU.ActiveCfg = Debug|Any CPU
		{E8395C0C-0E97-4BAC-B30A-F1118B1858C6}.Debug|Any CPU.Build.0 = Debug|Any CPU
		{E8395C0C-0E97-4BAC-B30A-F1118B1858C6}.Release|Any CPU.ActiveCfg = Release|Any CPU
		{E8395C0C-0E97-4BAC-B30A-F1118B1858C6}.Release|Any CPU.Build.0 = Release|Any CPU
		{D88AEC35-9C3D-4E98-98F8-5059CF195D2D}.Debug|Any CPU.ActiveCfg = Debug|Any CPU
		{D88AEC35-9C3D-4E98-98F8-5059CF195D2D}.Debug|Any CPU.Build.0 = Debug|Any CPU
		{D88AEC35-9C3D-4E98-98F8-5059CF195D2D}.Release|Any CPU.ActiveCfg = Release|Any CPU
		{D88AEC35-9C3D-4E98-98F8-5059CF195D2D}.Release|Any CPU.Build.0 = Release|Any CPU
		{CD08C409-69C2-44B5-915A-EC3E90BB4C7C}.Debug|Any CPU.ActiveCfg = Debug|Any CPU
		{CD08C409-69C2-44B5-915A-EC3E90BB4C7C}.Debug|Any CPU.Build.0 = Debug|Any CPU
		{CD08C409-69C2-44B5-915A-EC3E90BB4C7C}.Release|Any CPU.ActiveCfg = Release|Any CPU
		{CD08C409-69C2-44B5-915A-EC3E90BB4C7C}.Release|Any CPU.Build.0 = Release|Any CPU
		{94D64D2F-31C4-4AC1-8D5F-73A12A1444FF}.Debug|Any CPU.ActiveCfg = Debug|Any CPU
		{94D64D2F-31C4-4AC1-8D5F-73A12A1444FF}.Debug|Any CPU.Build.0 = Debug|Any CPU
		{94D64D2F-31C4-4AC1-8D5F-73A12A1444FF}.Release|Any CPU.ActiveCfg = Release|Any CPU
		{94D64D2F-31C4-4AC1-8D5F-73A12A1444FF}.Release|Any CPU.Build.0 = Release|Any CPU
		{175BE931-D900-49D7-8611-49A72E7CAEBB}.Debug|Any CPU.ActiveCfg = Debug|Any CPU
		{175BE931-D900-49D7-8611-49A72E7CAEBB}.Debug|Any CPU.Build.0 = Debug|Any CPU
		{175BE931-D900-49D7-8611-49A72E7CAEBB}.Release|Any CPU.ActiveCfg = Release|Any CPU
		{175BE931-D900-49D7-8611-49A72E7CAEBB}.Release|Any CPU.Build.0 = Release|Any CPU
		{9E0E6770-C574-43D4-96E3-59E557B24D4D}.Debug|Any CPU.ActiveCfg = Debug|Any CPU
		{9E0E6770-C574-43D4-96E3-59E557B24D4D}.Debug|Any CPU.Build.0 = Debug|Any CPU
		{9E0E6770-C574-43D4-96E3-59E557B24D4D}.Release|Any CPU.ActiveCfg = Release|Any CPU
		{9E0E6770-C574-43D4-96E3-59E557B24D4D}.Release|Any CPU.Build.0 = Release|Any CPU
		{39EDCAEE-B770-455A-A3E2-D1567EF2022D}.Debug|Any CPU.ActiveCfg = Debug|Any CPU
		{39EDCAEE-B770-455A-A3E2-D1567EF2022D}.Debug|Any CPU.Build.0 = Debug|Any CPU
		{39EDCAEE-B770-455A-A3E2-D1567EF2022D}.Release|Any CPU.ActiveCfg = Release|Any CPU
		{39EDCAEE-B770-455A-A3E2-D1567EF2022D}.Release|Any CPU.Build.0 = Release|Any CPU
	EndGlobalSection
	GlobalSection(SolutionProperties) = preSolution
		HideSolutionNode = FALSE
	EndGlobalSection
	GlobalSection(NestedProjects) = preSolution
		{4F98ED55-7738-4C7C-801D-498A2A514325} = {27EB840C-502D-4BC4-87C0-918363740029}
		{4B414633-2D46-4F28-B43B-AFC788833986} = {D62024D3-476E-4A68-8A24-1B14491536B4}
		{27EB840C-502D-4BC4-87C0-918363740029} = {D30CDA7F-DA42-4AC5-87FF-0814F5B4EC73}
		{C0723FCE-BAA0-44EB-9921-41DE38866957} = {D62024D3-476E-4A68-8A24-1B14491536B4}
		{5EF0077B-68DA-4D4F-96DB-C24DF65C4D14} = {27EB840C-502D-4BC4-87C0-918363740029}
		{AC830F14-5775-4569-9D4B-1623059887C5} = {D30CDA7F-DA42-4AC5-87FF-0814F5B4EC73}
		{2C49E6C3-3811-4D3C-AA1A-91109651817C} = {D30CDA7F-DA42-4AC5-87FF-0814F5B4EC73}
		{844BE502-026D-4E99-9E25-89946DA34CA0} = {AC830F14-5775-4569-9D4B-1623059887C5}
		{9ADF1603-8566-4375-B7EA-BB5C930E542F} = {AC830F14-5775-4569-9D4B-1623059887C5}
		{B0BCE2C3-7347-4E0C-97DC-5E844287AD41} = {2C49E6C3-3811-4D3C-AA1A-91109651817C}
		{7600472F-E152-4850-B5C9-C4EC5174FD3E} = {2C49E6C3-3811-4D3C-AA1A-91109651817C}
		{157F275D-4692-4ACA-8B5C-9137BB611B0A} = {FCE14EDE-5C3D-4839-8697-1DF79C25E369}
		{7A09A5CB-8C56-4438-A36C-49B2D0C18742} = {FCE14EDE-5C3D-4839-8697-1DF79C25E369}
		{F767F65A-0A5D-4BC6-A375-481A9B5F4885} = {FCE14EDE-5C3D-4839-8697-1DF79C25E369}
		{C370AE01-ECA6-4D9E-855D-FFB6F7B08E6F} = {F767F65A-0A5D-4BC6-A375-481A9B5F4885}
		{72007484-23C4-4732-B982-A9B2206A7884} = {157F275D-4692-4ACA-8B5C-9137BB611B0A}
		{F363A866-28F1-4E3B-8391-A2C4F4540C71} = {7A09A5CB-8C56-4438-A36C-49B2D0C18742}
		{E2C5E620-5C95-4A79-8F63-F73A0A6A3544} = {7A09A5CB-8C56-4438-A36C-49B2D0C18742}
		{5E03E2F6-2644-4985-9103-D8876EDD9570} = {FCE14EDE-5C3D-4839-8697-1DF79C25E369}
		{D32C252C-032A-42C9-A9F7-50F313760C84} = {5E03E2F6-2644-4985-9103-D8876EDD9570}
		{722EC89C-F8C0-466D-B208-FB06C48B1590} = {157F275D-4692-4ACA-8B5C-9137BB611B0A}
		{12D9EF47-5C35-4B34-A677-D904212B1764} = {D62024D3-476E-4A68-8A24-1B14491536B4}
		{FD71A289-0680-43E3-AD9E-065BA0C1B3FF} = {D62024D3-476E-4A68-8A24-1B14491536B4}
		{C7A6C67B-573D-4ACC-AC2F-96E968421542} = {27EB840C-502D-4BC4-87C0-918363740029}
		{99CA14BC-3CF0-4F8A-BF14-B98E82319BD5} = {2C49E6C3-3811-4D3C-AA1A-91109651817C}
		{613C5E73-949E-4C1B-B213-5DDDBB44D021} = {AC830F14-5775-4569-9D4B-1623059887C5}
		{11E1EB55-DFD9-476E-AF7A-8F2D19715D80} = {F767F65A-0A5D-4BC6-A375-481A9B5F4885}
		{D1DB6BD1-9919-4519-920E-CCDB6D385DBD} = {157F275D-4692-4ACA-8B5C-9137BB611B0A}
		{D7DDDAED-3E62-40DE-B245-936E056A0AE0} = {7A09A5CB-8C56-4438-A36C-49B2D0C18742}
		{49983FA7-C3AC-46C4-85A8-C7279FEE2455} = {5E03E2F6-2644-4985-9103-D8876EDD9570}
		{E8395C0C-0E97-4BAC-B30A-F1118B1858C6} = {D62024D3-476E-4A68-8A24-1B14491536B4}
		{D88AEC35-9C3D-4E98-98F8-5059CF195D2D} = {D62024D3-476E-4A68-8A24-1B14491536B4}
		{2ACF6E8B-9353-4570-BD67-E0123A36080D} = {D30CDA7F-DA42-4AC5-87FF-0814F5B4EC73}
		{CD08C409-69C2-44B5-915A-EC3E90BB4C7C} = {2ACF6E8B-9353-4570-BD67-E0123A36080D}
		{94D64D2F-31C4-4AC1-8D5F-73A12A1444FF} = {2ACF6E8B-9353-4570-BD67-E0123A36080D}
		{175BE931-D900-49D7-8611-49A72E7CAEBB} = {2ACF6E8B-9353-4570-BD67-E0123A36080D}
		{9E0E6770-C574-43D4-96E3-59E557B24D4D} = {D62024D3-476E-4A68-8A24-1B14491536B4}
		{39EDCAEE-B770-455A-A3E2-D1567EF2022D} = {5250599B-BA33-4A70-B065-4A819347F984}
	EndGlobalSection
	GlobalSection(ExtensibilityGlobals) = postSolution
		SolutionGuid = {7ACB76E5-A8E8-4292-994C-E0779E009E43}
	EndGlobalSection
EndGlobal
