
Microsoft Visual Studio Solution File, Format Version 12.00
# Visual Studio 15
VisualStudioVersion = 15.0.28307.329
MinimumVisualStudioVersion = 10.0.40219.1
Project("{9A19103F-16F7-4668-BE54-9A1E7A4F7556}") = "Gamer.Estate.Tes", "Estates\Tes\src\Gamer.Estate.Tes\Gamer.Estate.Tes.csproj", "{4F98ED55-7738-4C7C-801D-498A2A514325}"
EndProject
Project("{9A19103F-16F7-4668-BE54-9A1E7A4F7556}") = "Gamer.Core", "Core\src\Gamer.Core\Gamer.Core.csproj", "{4B414633-2D46-4F28-B43B-AFC788833986}"
EndProject
Project("{9A19103F-16F7-4668-BE54-9A1E7A4F7556}") = "Gamer.Estate.Nif.Unity", "Estates\Nif\src\Gamer.Estate.Nif.Unity\Gamer.Estate.Nif.Unity.csproj", "{9599FE83-86A6-48F9-908F-97B632B9FDC0}"
EndProject
Project("{2150E333-8FDC-42A3-9474-1A3956D46DE8}") = "Tes", "Tes", "{27EB840C-502D-4BC4-87C0-918363740029}"
EndProject
Project("{2150E333-8FDC-42A3-9474-1A3956D46DE8}") = "GameNetCore", "GameNetCore", "{F5FDBCFB-DDC3-4555-BFA0-5B5C9891A969}"
EndProject
Project("{2150E333-8FDC-42A3-9474-1A3956D46DE8}") = "Clients", "Clients", "{7930C8F8-6739-4021-AA1F-8EB0E9B8A581}"
EndProject
Project("{2150E333-8FDC-42A3-9474-1A3956D46DE8}") = "DefaultBuilder", "DefaultBuilder", "{7A9F6607-51EA-4600-9A93-02C1B5A51A06}"
EndProject
Project("{9A19103F-16F7-4668-BE54-9A1E7A4F7556}") = "Contoso.GameNetCore.Client.Standard", "..\lib\GameNetCore\src.net\Clients\Standard\Contoso.GameNetCore.Client.Standard.csproj", "{163DA0DE-F3D2-4800-937B-BB49B25151C3}"
EndProject
Project("{9A19103F-16F7-4668-BE54-9A1E7A4F7556}") = "Contoso.GameNetCore", "..\lib\GameNetCore\src.net\DefaultBuilder\Contoso.GameNetCore.csproj", "{472F8B52-B3EC-44FC-ABA1-95EBA6F12D32}"
EndProject
Project("{2150E333-8FDC-42A3-9474-1A3956D46DE8}") = "Hosting", "Hosting", "{0099DB3E-7E4B-4E56-A4AD-6C3D732B143F}"
EndProject
Project("{2150E333-8FDC-42A3-9474-1A3956D46DE8}") = "Middleware", "Middleware", "{0C24FB77-7CDA-4D5D-A03F-19BC763B52B8}"
EndProject
Project("{2150E333-8FDC-42A3-9474-1A3956D46DE8}") = "Servers", "Servers", "{AB020715-AD6D-4BE3-BA55-E8085147EACD}"
EndProject
Project("{9A19103F-16F7-4668-BE54-9A1E7A4F7556}") = "Contoso.GameNetCore.Server.Simple", "..\lib\GameNetCore\src.net\Servers\Simple\Contoso.GameNetCore.Server.Simple.csproj", "{1670BAC3-1225-4AD3-B454-6B822C435A2D}"
EndProject
Project("{9A19103F-16F7-4668-BE54-9A1E7A4F7556}") = "Contoso.GameNetCore.HostFiltering", "..\lib\GameNetCore\src.net\Middleware\HostFiltering\Contoso.GameNetCore.HostFiltering.csproj", "{3B6A8E8D-AD43-4EB1-800C-02120EA578EF}"
EndProject
Project("{9A19103F-16F7-4668-BE54-9A1E7A4F7556}") = "Contoso.GameNetCore.Hosting.Abstractions", "..\lib\GameNetCore\src.net\Hosting\Abstractions\Contoso.GameNetCore.Hosting.Abstractions.csproj", "{A51DB70A-005C-44EB-86CD-C52923A02AE6}"
EndProject
Project("{9A19103F-16F7-4668-BE54-9A1E7A4F7556}") = "Contoso.GameNetCore.Hosting.Client.Abstractions", "..\lib\GameNetCore\src.net\Hosting\Client.Abstractions\Contoso.GameNetCore.Hosting.Client.Abstractions.csproj", "{A09D5895-9498-4781-A430-F2080EB7529F}"
EndProject
Project("{9A19103F-16F7-4668-BE54-9A1E7A4F7556}") = "Contoso.GameNetCore.Hosting", "..\lib\GameNetCore\src.net\Hosting\Hosting\Contoso.GameNetCore.Hosting.csproj", "{FCE6940D-90FB-4154-8DEA-280045B910A1}"
EndProject
Project("{9A19103F-16F7-4668-BE54-9A1E7A4F7556}") = "Contoso.GameNetCore.Hosting.Server.Abstractions", "..\lib\GameNetCore\src.net\Hosting\Server.Abstractions\Contoso.GameNetCore.Hosting.Server.Abstractions.csproj", "{4A108293-E3BB-420D-A20A-1B0BC384F539}"
EndProject
Project("{9A19103F-16F7-4668-BE54-9A1E7A4F7556}") = "Contoso.GameNetCore.Hosting.WindowsServices", "..\lib\GameNetCore\src.net\Hosting\WindowsServices\Contoso.GameNetCore.Hosting.WindowsServices.csproj", "{AEBE969D-A6B5-4CA3-B0D5-C784C994605E}"
EndProject
Project("{9A19103F-16F7-4668-BE54-9A1E7A4F7556}") = "Gamer.Core.Unity", "Core\src\Gamer.Core.Unity\Gamer.Core.Unity.csproj", "{C0723FCE-BAA0-44EB-9921-41DE38866957}"
EndProject
Project("{2150E333-8FDC-42A3-9474-1A3956D46DE8}") = "Nif", "Nif", "{BD46BDAC-7371-436D-A66F-19399447FC62}"
EndProject
Project("{2150E333-8FDC-42A3-9474-1A3956D46DE8}") = "3rdParty", "3rdParty", "{753B692C-844E-495A-8F83-9305E1F5781B}"
EndProject
Project("{9A19103F-16F7-4668-BE54-9A1E7A4F7556}") = "UnityStandard", "..\lib\GameNetCore\src.net\3rdParty\UnityStandard\UnityStandard.csproj", "{74E4EAF6-347B-4953-B693-FAC925726A38}"
EndProject
Project("{9A19103F-16F7-4668-BE54-9A1E7A4F7556}") = "Gamer.Estate.Tes.Unity", "Estates\Tes\src\Gamer.Estate.Tes.Unity\Gamer.Estate.Tes.Unity.csproj", "{5EF0077B-68DA-4D4F-96DB-C24DF65C4D14}"
EndProject
Project("{9A19103F-16F7-4668-BE54-9A1E7A4F7556}") = "Gamer.Estate.Nif", "Estates\Nif\src\Gamer.Estate.Nif\Gamer.Estate.Nif.csproj", "{5B21A9EA-E231-4A11-8FEB-9518A2F600D9}"
EndProject
Project("{2150E333-8FDC-42A3-9474-1A3956D46DE8}") = "Estates", "Estates", "{D30CDA7F-DA42-4AC5-87FF-0814F5B4EC73}"
EndProject
Project("{2150E333-8FDC-42A3-9474-1A3956D46DE8}") = "Core", "Core", "{D62024D3-476E-4A68-8A24-1B14491536B4}"
EndProject
Project("{2150E333-8FDC-42A3-9474-1A3956D46DE8}") = "Ultima", "Ultima", "{AC830F14-5775-4569-9D4B-1623059887C5}"
EndProject
Project("{2150E333-8FDC-42A3-9474-1A3956D46DE8}") = "Rsi", "Rsi", "{2C49E6C3-3811-4D3C-AA1A-91109651817C}"
EndProject
Project("{9A19103F-16F7-4668-BE54-9A1E7A4F7556}") = "Gamer.Estate.Ultima", "Estates\Ultima\src\Gamer.Estate.Ultima\Gamer.Estate.Ultima.csproj", "{844BE502-026D-4E99-9E25-89946DA34CA0}"
EndProject
Project("{9A19103F-16F7-4668-BE54-9A1E7A4F7556}") = "Gamer.Estate.Ultima.Unity", "Estates\Ultima\src\Gamer.Estate.Ultima.Unity\Gamer.Estate.Ultima.Unity.csproj", "{9ADF1603-8566-4375-B7EA-BB5C930E542F}"
EndProject
Project("{9A19103F-16F7-4668-BE54-9A1E7A4F7556}") = "Gamer.Estate.Rsi", "Estates\Rsi\src\Gamer.Estate.Rsi\Gamer.Estate.Rsi.csproj", "{B0BCE2C3-7347-4E0C-97DC-5E844287AD41}"
EndProject
Global
	GlobalSection(SolutionConfigurationPlatforms) = preSolution
		Debug|Any CPU = Debug|Any CPU
		Release|Any CPU = Release|Any CPU
	EndGlobalSection
	GlobalSection(ProjectConfigurationPlatforms) = postSolution
		{4F98ED55-7738-4C7C-801D-498A2A514325}.Debug|Any CPU.ActiveCfg = Debug|Any CPU
		{4F98ED55-7738-4C7C-801D-498A2A514325}.Debug|Any CPU.Build.0 = Debug|Any CPU
		{4F98ED55-7738-4C7C-801D-498A2A514325}.Release|Any CPU.ActiveCfg = Release|Any CPU
		{4F98ED55-7738-4C7C-801D-498A2A514325}.Release|Any CPU.Build.0 = Release|Any CPU
		{4B414633-2D46-4F28-B43B-AFC788833986}.Debug|Any CPU.ActiveCfg = Debug|Any CPU
		{4B414633-2D46-4F28-B43B-AFC788833986}.Debug|Any CPU.Build.0 = Debug|Any CPU
		{4B414633-2D46-4F28-B43B-AFC788833986}.Release|Any CPU.ActiveCfg = Release|Any CPU
		{4B414633-2D46-4F28-B43B-AFC788833986}.Release|Any CPU.Build.0 = Release|Any CPU
		{9599FE83-86A6-48F9-908F-97B632B9FDC0}.Debug|Any CPU.ActiveCfg = Debug|Any CPU
		{9599FE83-86A6-48F9-908F-97B632B9FDC0}.Debug|Any CPU.Build.0 = Debug|Any CPU
		{9599FE83-86A6-48F9-908F-97B632B9FDC0}.Release|Any CPU.ActiveCfg = Release|Any CPU
		{9599FE83-86A6-48F9-908F-97B632B9FDC0}.Release|Any CPU.Build.0 = Release|Any CPU
		{163DA0DE-F3D2-4800-937B-BB49B25151C3}.Debug|Any CPU.ActiveCfg = Debug|Any CPU
		{163DA0DE-F3D2-4800-937B-BB49B25151C3}.Debug|Any CPU.Build.0 = Debug|Any CPU
		{163DA0DE-F3D2-4800-937B-BB49B25151C3}.Release|Any CPU.ActiveCfg = Release|Any CPU
		{163DA0DE-F3D2-4800-937B-BB49B25151C3}.Release|Any CPU.Build.0 = Release|Any CPU
		{472F8B52-B3EC-44FC-ABA1-95EBA6F12D32}.Debug|Any CPU.ActiveCfg = Debug|Any CPU
		{472F8B52-B3EC-44FC-ABA1-95EBA6F12D32}.Debug|Any CPU.Build.0 = Debug|Any CPU
		{472F8B52-B3EC-44FC-ABA1-95EBA6F12D32}.Release|Any CPU.ActiveCfg = Release|Any CPU
		{472F8B52-B3EC-44FC-ABA1-95EBA6F12D32}.Release|Any CPU.Build.0 = Release|Any CPU
		{1670BAC3-1225-4AD3-B454-6B822C435A2D}.Debug|Any CPU.ActiveCfg = Debug|Any CPU
		{1670BAC3-1225-4AD3-B454-6B822C435A2D}.Debug|Any CPU.Build.0 = Debug|Any CPU
		{1670BAC3-1225-4AD3-B454-6B822C435A2D}.Release|Any CPU.ActiveCfg = Release|Any CPU
		{1670BAC3-1225-4AD3-B454-6B822C435A2D}.Release|Any CPU.Build.0 = Release|Any CPU
		{3B6A8E8D-AD43-4EB1-800C-02120EA578EF}.Debug|Any CPU.ActiveCfg = Debug|Any CPU
		{3B6A8E8D-AD43-4EB1-800C-02120EA578EF}.Debug|Any CPU.Build.0 = Debug|Any CPU
		{3B6A8E8D-AD43-4EB1-800C-02120EA578EF}.Release|Any CPU.ActiveCfg = Release|Any CPU
		{3B6A8E8D-AD43-4EB1-800C-02120EA578EF}.Release|Any CPU.Build.0 = Release|Any CPU
		{A51DB70A-005C-44EB-86CD-C52923A02AE6}.Debug|Any CPU.ActiveCfg = Debug|Any CPU
		{A51DB70A-005C-44EB-86CD-C52923A02AE6}.Debug|Any CPU.Build.0 = Debug|Any CPU
		{A51DB70A-005C-44EB-86CD-C52923A02AE6}.Release|Any CPU.ActiveCfg = Release|Any CPU
		{A51DB70A-005C-44EB-86CD-C52923A02AE6}.Release|Any CPU.Build.0 = Release|Any CPU
		{A09D5895-9498-4781-A430-F2080EB7529F}.Debug|Any CPU.ActiveCfg = Debug|Any CPU
		{A09D5895-9498-4781-A430-F2080EB7529F}.Debug|Any CPU.Build.0 = Debug|Any CPU
		{A09D5895-9498-4781-A430-F2080EB7529F}.Release|Any CPU.ActiveCfg = Release|Any CPU
		{A09D5895-9498-4781-A430-F2080EB7529F}.Release|Any CPU.Build.0 = Release|Any CPU
		{FCE6940D-90FB-4154-8DEA-280045B910A1}.Debug|Any CPU.ActiveCfg = Debug|Any CPU
		{FCE6940D-90FB-4154-8DEA-280045B910A1}.Debug|Any CPU.Build.0 = Debug|Any CPU
		{FCE6940D-90FB-4154-8DEA-280045B910A1}.Release|Any CPU.ActiveCfg = Release|Any CPU
		{FCE6940D-90FB-4154-8DEA-280045B910A1}.Release|Any CPU.Build.0 = Release|Any CPU
		{4A108293-E3BB-420D-A20A-1B0BC384F539}.Debug|Any CPU.ActiveCfg = Debug|Any CPU
		{4A108293-E3BB-420D-A20A-1B0BC384F539}.Debug|Any CPU.Build.0 = Debug|Any CPU
		{4A108293-E3BB-420D-A20A-1B0BC384F539}.Release|Any CPU.ActiveCfg = Release|Any CPU
		{4A108293-E3BB-420D-A20A-1B0BC384F539}.Release|Any CPU.Build.0 = Release|Any CPU
		{AEBE969D-A6B5-4CA3-B0D5-C784C994605E}.Debug|Any CPU.ActiveCfg = Debug|Any CPU
		{AEBE969D-A6B5-4CA3-B0D5-C784C994605E}.Debug|Any CPU.Build.0 = Debug|Any CPU
		{AEBE969D-A6B5-4CA3-B0D5-C784C994605E}.Release|Any CPU.ActiveCfg = Release|Any CPU
		{AEBE969D-A6B5-4CA3-B0D5-C784C994605E}.Release|Any CPU.Build.0 = Release|Any CPU
		{C0723FCE-BAA0-44EB-9921-41DE38866957}.Debug|Any CPU.ActiveCfg = Debug|Any CPU
		{C0723FCE-BAA0-44EB-9921-41DE38866957}.Debug|Any CPU.Build.0 = Debug|Any CPU
		{C0723FCE-BAA0-44EB-9921-41DE38866957}.Release|Any CPU.ActiveCfg = Release|Any CPU
		{C0723FCE-BAA0-44EB-9921-41DE38866957}.Release|Any CPU.Build.0 = Release|Any CPU
		{74E4EAF6-347B-4953-B693-FAC925726A38}.Debug|Any CPU.ActiveCfg = Debug|Any CPU
		{74E4EAF6-347B-4953-B693-FAC925726A38}.Debug|Any CPU.Build.0 = Debug|Any CPU
		{74E4EAF6-347B-4953-B693-FAC925726A38}.Release|Any CPU.ActiveCfg = Release|Any CPU
		{74E4EAF6-347B-4953-B693-FAC925726A38}.Release|Any CPU.Build.0 = Release|Any CPU
		{5EF0077B-68DA-4D4F-96DB-C24DF65C4D14}.Debug|Any CPU.ActiveCfg = Debug|Any CPU
		{5EF0077B-68DA-4D4F-96DB-C24DF65C4D14}.Debug|Any CPU.Build.0 = Debug|Any CPU
		{5EF0077B-68DA-4D4F-96DB-C24DF65C4D14}.Release|Any CPU.ActiveCfg = Release|Any CPU
		{5EF0077B-68DA-4D4F-96DB-C24DF65C4D14}.Release|Any CPU.Build.0 = Release|Any CPU
		{5B21A9EA-E231-4A11-8FEB-9518A2F600D9}.Debug|Any CPU.ActiveCfg = Debug|Any CPU
		{5B21A9EA-E231-4A11-8FEB-9518A2F600D9}.Debug|Any CPU.Build.0 = Debug|Any CPU
		{5B21A9EA-E231-4A11-8FEB-9518A2F600D9}.Release|Any CPU.ActiveCfg = Release|Any CPU
		{5B21A9EA-E231-4A11-8FEB-9518A2F600D9}.Release|Any CPU.Build.0 = Release|Any CPU
		{844BE502-026D-4E99-9E25-89946DA34CA0}.Debug|Any CPU.ActiveCfg = Debug|Any CPU
		{844BE502-026D-4E99-9E25-89946DA34CA0}.Debug|Any CPU.Build.0 = Debug|Any CPU
		{844BE502-026D-4E99-9E25-89946DA34CA0}.Release|Any CPU.ActiveCfg = Release|Any CPU
		{844BE502-026D-4E99-9E25-89946DA34CA0}.Release|Any CPU.Build.0 = Release|Any CPU
		{9ADF1603-8566-4375-B7EA-BB5C930E542F}.Debug|Any CPU.ActiveCfg = Debug|Any CPU
		{9ADF1603-8566-4375-B7EA-BB5C930E542F}.Debug|Any CPU.Build.0 = Debug|Any CPU
		{9ADF1603-8566-4375-B7EA-BB5C930E542F}.Release|Any CPU.ActiveCfg = Release|Any CPU
		{9ADF1603-8566-4375-B7EA-BB5C930E542F}.Release|Any CPU.Build.0 = Release|Any CPU
		{B0BCE2C3-7347-4E0C-97DC-5E844287AD41}.Debug|Any CPU.ActiveCfg = Debug|Any CPU
		{B0BCE2C3-7347-4E0C-97DC-5E844287AD41}.Debug|Any CPU.Build.0 = Debug|Any CPU
		{B0BCE2C3-7347-4E0C-97DC-5E844287AD41}.Release|Any CPU.ActiveCfg = Release|Any CPU
		{B0BCE2C3-7347-4E0C-97DC-5E844287AD41}.Release|Any CPU.Build.0 = Release|Any CPU
	EndGlobalSection
	GlobalSection(SolutionProperties) = preSolution
		HideSolutionNode = FALSE
	EndGlobalSection
	GlobalSection(NestedProjects) = preSolution
		{4F98ED55-7738-4C7C-801D-498A2A514325} = {27EB840C-502D-4BC4-87C0-918363740029}
		{4B414633-2D46-4F28-B43B-AFC788833986} = {D62024D3-476E-4A68-8A24-1B14491536B4}
		{9599FE83-86A6-48F9-908F-97B632B9FDC0} = {BD46BDAC-7371-436D-A66F-19399447FC62}
		{27EB840C-502D-4BC4-87C0-918363740029} = {D30CDA7F-DA42-4AC5-87FF-0814F5B4EC73}
		{7930C8F8-6739-4021-AA1F-8EB0E9B8A581} = {F5FDBCFB-DDC3-4555-BFA0-5B5C9891A969}
		{7A9F6607-51EA-4600-9A93-02C1B5A51A06} = {F5FDBCFB-DDC3-4555-BFA0-5B5C9891A969}
		{163DA0DE-F3D2-4800-937B-BB49B25151C3} = {7930C8F8-6739-4021-AA1F-8EB0E9B8A581}
		{472F8B52-B3EC-44FC-ABA1-95EBA6F12D32} = {7A9F6607-51EA-4600-9A93-02C1B5A51A06}
		{0099DB3E-7E4B-4E56-A4AD-6C3D732B143F} = {F5FDBCFB-DDC3-4555-BFA0-5B5C9891A969}
		{0C24FB77-7CDA-4D5D-A03F-19BC763B52B8} = {F5FDBCFB-DDC3-4555-BFA0-5B5C9891A969}
		{AB020715-AD6D-4BE3-BA55-E8085147EACD} = {F5FDBCFB-DDC3-4555-BFA0-5B5C9891A969}
		{1670BAC3-1225-4AD3-B454-6B822C435A2D} = {AB020715-AD6D-4BE3-BA55-E8085147EACD}
		{3B6A8E8D-AD43-4EB1-800C-02120EA578EF} = {0C24FB77-7CDA-4D5D-A03F-19BC763B52B8}
		{A51DB70A-005C-44EB-86CD-C52923A02AE6} = {0099DB3E-7E4B-4E56-A4AD-6C3D732B143F}
		{A09D5895-9498-4781-A430-F2080EB7529F} = {0099DB3E-7E4B-4E56-A4AD-6C3D732B143F}
		{FCE6940D-90FB-4154-8DEA-280045B910A1} = {0099DB3E-7E4B-4E56-A4AD-6C3D732B143F}
		{4A108293-E3BB-420D-A20A-1B0BC384F539} = {0099DB3E-7E4B-4E56-A4AD-6C3D732B143F}
		{AEBE969D-A6B5-4CA3-B0D5-C784C994605E} = {0099DB3E-7E4B-4E56-A4AD-6C3D732B143F}
		{C0723FCE-BAA0-44EB-9921-41DE38866957} = {D62024D3-476E-4A68-8A24-1B14491536B4}
		{BD46BDAC-7371-436D-A66F-19399447FC62} = {D30CDA7F-DA42-4AC5-87FF-0814F5B4EC73}
		{753B692C-844E-495A-8F83-9305E1F5781B} = {F5FDBCFB-DDC3-4555-BFA0-5B5C9891A969}
		{74E4EAF6-347B-4953-B693-FAC925726A38} = {753B692C-844E-495A-8F83-9305E1F5781B}
		{5EF0077B-68DA-4D4F-96DB-C24DF65C4D14} = {27EB840C-502D-4BC4-87C0-918363740029}
		{5B21A9EA-E231-4A11-8FEB-9518A2F600D9} = {BD46BDAC-7371-436D-A66F-19399447FC62}
		{AC830F14-5775-4569-9D4B-1623059887C5} = {D30CDA7F-DA42-4AC5-87FF-0814F5B4EC73}
		{2C49E6C3-3811-4D3C-AA1A-91109651817C} = {D30CDA7F-DA42-4AC5-87FF-0814F5B4EC73}
		{844BE502-026D-4E99-9E25-89946DA34CA0} = {AC830F14-5775-4569-9D4B-1623059887C5}
		{9ADF1603-8566-4375-B7EA-BB5C930E542F} = {AC830F14-5775-4569-9D4B-1623059887C5}
		{B0BCE2C3-7347-4E0C-97DC-5E844287AD41} = {2C49E6C3-3811-4D3C-AA1A-91109651817C}
	EndGlobalSection
	GlobalSection(ExtensibilityGlobals) = postSolution
		SolutionGuid = {7ACB76E5-A8E8-4292-994C-E0779E009E43}
	EndGlobalSection
EndGlobal
