
Microsoft Visual Studio Solution File, Format Version 12.00
# Visual Studio 15
VisualStudioVersion = 15.0.28307.329
MinimumVisualStudioVersion = 10.0.40219.1
Project("{9A19103F-16F7-4668-BE54-9A1E7A4F7556}") = "Asset.Tes", "Tes\Asset.Tes\Asset.Tes.csproj", "{4F98ED55-7738-4C7C-801D-498A2A514325}"
EndProject
Project("{9A19103F-16F7-4668-BE54-9A1E7A4F7556}") = "Shared", "Shared\Shared.csproj", "{4B414633-2D46-4F28-B43B-AFC788833986}"
EndProject
Project("{9A19103F-16F7-4668-BE54-9A1E7A4F7556}") = "UnityStandard", "..\lib\UnityStandard\UnityStandard.csproj", "{F1DC9D40-0E6F-483E-AEBF-80B526032D48}"
EndProject
Project("{9A19103F-16F7-4668-BE54-9A1E7A4F7556}") = "Asset.Tes.Unity", "Tes\Asset.Tes.Unity\Asset.Tes.Unity.csproj", "{9599FE83-86A6-48F9-908F-97B632B9FDC0}"
EndProject
Project("{2150E333-8FDC-42A3-9474-1A3956D46DE8}") = "Tes", "Tes", "{27EB840C-502D-4BC4-87C0-918363740029}"
EndProject
Project("{2150E333-8FDC-42A3-9474-1A3956D46DE8}") = "Lib", "Lib", "{7F76418E-B196-426A-A4B5-84FB7BB7A281}"
EndProject
Project("{9A19103F-16F7-4668-BE54-9A1E7A4F7556}") = "Loader", "Loader\Loader.csproj", "{A4ADE667-2153-48DB-ABDB-77B67A253B02}"
EndProject
Project("{9A19103F-16F7-4668-BE54-9A1E7A4F7556}") = "Contoso.GameNetCore", "..\lib\Contoso.GameNetCore\Contoso.GameNetCore.csproj", "{8BEB7426-024F-46FA-B2C1-8E8863297BCC}"
EndProject
Project("{9A19103F-16F7-4668-BE54-9A1E7A4F7556}") = "Contoso.GameNetCore.Hosting", "..\lib\Contoso.GameNetCore.Hosting\Contoso.GameNetCore.Hosting.csproj", "{53E5CCE9-9880-4B85-B37D-B0EC0581A255}"
EndProject
Global
	GlobalSection(SolutionConfigurationPlatforms) = preSolution
		Debug|Any CPU = Debug|Any CPU
		Release|Any CPU = Release|Any CPU
	EndGlobalSection
	GlobalSection(ProjectConfigurationPlatforms) = postSolution
		{4F98ED55-7738-4C7C-801D-498A2A514325}.Debug|Any CPU.ActiveCfg = Debug|Any CPU
		{4F98ED55-7738-4C7C-801D-498A2A514325}.Debug|Any CPU.Build.0 = Debug|Any CPU
		{4F98ED55-7738-4C7C-801D-498A2A514325}.Release|Any CPU.ActiveCfg = Release|Any CPU
		{4F98ED55-7738-4C7C-801D-498A2A514325}.Release|Any CPU.Build.0 = Release|Any CPU
		{4B414633-2D46-4F28-B43B-AFC788833986}.Debug|Any CPU.ActiveCfg = Debug|Any CPU
		{4B414633-2D46-4F28-B43B-AFC788833986}.Debug|Any CPU.Build.0 = Debug|Any CPU
		{4B414633-2D46-4F28-B43B-AFC788833986}.Release|Any CPU.ActiveCfg = Release|Any CPU
		{4B414633-2D46-4F28-B43B-AFC788833986}.Release|Any CPU.Build.0 = Release|Any CPU
		{F1DC9D40-0E6F-483E-AEBF-80B526032D48}.Debug|Any CPU.ActiveCfg = Debug|Any CPU
		{F1DC9D40-0E6F-483E-AEBF-80B526032D48}.Debug|Any CPU.Build.0 = Debug|Any CPU
		{F1DC9D40-0E6F-483E-AEBF-80B526032D48}.Release|Any CPU.ActiveCfg = Release|Any CPU
		{F1DC9D40-0E6F-483E-AEBF-80B526032D48}.Release|Any CPU.Build.0 = Release|Any CPU
		{9599FE83-86A6-48F9-908F-97B632B9FDC0}.Debug|Any CPU.ActiveCfg = Debug|Any CPU
		{9599FE83-86A6-48F9-908F-97B632B9FDC0}.Debug|Any CPU.Build.0 = Debug|Any CPU
		{9599FE83-86A6-48F9-908F-97B632B9FDC0}.Release|Any CPU.ActiveCfg = Release|Any CPU
		{9599FE83-86A6-48F9-908F-97B632B9FDC0}.Release|Any CPU.Build.0 = Release|Any CPU
		{A4ADE667-2153-48DB-ABDB-77B67A253B02}.Debug|Any CPU.ActiveCfg = Debug|Any CPU
		{A4ADE667-2153-48DB-ABDB-77B67A253B02}.Debug|Any CPU.Build.0 = Debug|Any CPU
		{A4ADE667-2153-48DB-ABDB-77B67A253B02}.Release|Any CPU.ActiveCfg = Release|Any CPU
		{A4ADE667-2153-48DB-ABDB-77B67A253B02}.Release|Any CPU.Build.0 = Release|Any CPU
		{8BEB7426-024F-46FA-B2C1-8E8863297BCC}.Debug|Any CPU.ActiveCfg = Debug|Any CPU
		{8BEB7426-024F-46FA-B2C1-8E8863297BCC}.Debug|Any CPU.Build.0 = Debug|Any CPU
		{8BEB7426-024F-46FA-B2C1-8E8863297BCC}.Release|Any CPU.ActiveCfg = Release|Any CPU
		{8BEB7426-024F-46FA-B2C1-8E8863297BCC}.Release|Any CPU.Build.0 = Release|Any CPU
		{53E5CCE9-9880-4B85-B37D-B0EC0581A255}.Debug|Any CPU.ActiveCfg = Debug|Any CPU
		{53E5CCE9-9880-4B85-B37D-B0EC0581A255}.Debug|Any CPU.Build.0 = Debug|Any CPU
		{53E5CCE9-9880-4B85-B37D-B0EC0581A255}.Release|Any CPU.ActiveCfg = Release|Any CPU
		{53E5CCE9-9880-4B85-B37D-B0EC0581A255}.Release|Any CPU.Build.0 = Release|Any CPU
	EndGlobalSection
	GlobalSection(SolutionProperties) = preSolution
		HideSolutionNode = FALSE
	EndGlobalSection
	GlobalSection(NestedProjects) = preSolution
		{4F98ED55-7738-4C7C-801D-498A2A514325} = {27EB840C-502D-4BC4-87C0-918363740029}
		{F1DC9D40-0E6F-483E-AEBF-80B526032D48} = {7F76418E-B196-426A-A4B5-84FB7BB7A281}
		{9599FE83-86A6-48F9-908F-97B632B9FDC0} = {27EB840C-502D-4BC4-87C0-918363740029}
		{8BEB7426-024F-46FA-B2C1-8E8863297BCC} = {7F76418E-B196-426A-A4B5-84FB7BB7A281}
		{53E5CCE9-9880-4B85-B37D-B0EC0581A255} = {7F76418E-B196-426A-A4B5-84FB7BB7A281}
	EndGlobalSection
	GlobalSection(ExtensibilityGlobals) = postSolution
		SolutionGuid = {7ACB76E5-A8E8-4292-994C-E0779E009E43}
	EndGlobalSection
EndGlobal
